
Microsoft Visual Studio Solution File, Format Version 12.00
# Visual Studio 15
VisualStudioVersion = 15.0.26124.0
MinimumVisualStudioVersion = 15.0.26124.0
Project("{FAE04EC0-301F-11D3-BF4B-00C04F79EFBC}") = "LyricsIsland.Core", "LyricsIsland.Core\LyricsIsland.Core.csproj", "{2CEBF7F1-C53F-4E99-AF8F-28E04756AB6D}"
EndProject
Project("{FAE04EC0-301F-11D3-BF4B-00C04F79EFBC}") = "LyricsIsland.Tests", "LyricsIsland.Tests\LyricsIsland.Tests.csproj", "{9B7BE139-B647-4AF4-AB3B-95B1A753A2D1}"
EndProject
Project("{FAE04EC0-301F-11D3-BF4B-00C04F79EFBC}") = "LyricsIsland.App", "LyricsIsland.App\LyricsIsland.App.csproj", "{9082F842-E106-46C5-A64A-9786AE57F9CE}"
EndProject
Global
	GlobalSection(SolutionConfigurationPlatforms) = preSolution
		Debug|Any CPU = Debug|Any CPU
		Debug|x64 = Debug|x64
		Debug|x86 = Debug|x86
		Release|Any CPU = Release|Any CPU
		Release|x64 = Release|x64
		Release|x86 = Release|x86
	EndGlobalSection
	GlobalSection(SolutionProperties) = preSolution
		HideSolutionNode = FALSE
	EndGlobalSection
	GlobalSection(ProjectConfigurationPlatforms) = postSolution
		{2CEBF7F1-C53F-4E99-AF8F-28E04756AB6D}.Debug|Any CPU.ActiveCfg = Debug|Any CPU
		{2CEBF7F1-C53F-4E99-AF8F-28E04756AB6D}.Debug|Any CPU.Build.0 = Debug|Any CPU
		{2CEBF7F1-C53F-4E99-AF8F-28E04756AB6D}.Debug|x64.ActiveCfg = Debug|Any CPU
		{2CEBF7F1-C53F-4E99-AF8F-28E04756AB6D}.Debug|x64.Build.0 = Debug|Any CPU
		{2CEBF7F1-C53F-4E99-AF8F-28E04756AB6D}.Debug|x86.ActiveCfg = Debug|Any CPU
		{2CEBF7F1-C53F-4E99-AF8F-28E04756AB6D}.Debug|x86.Build.0 = Debug|Any CPU
		{2CEBF7F1-C53F-4E99-AF8F-28E04756AB6D}.Release|Any CPU.ActiveCfg = Release|Any CPU
		{2CEBF7F1-C53F-4E99-AF8F-28E04756AB6D}.Release|Any CPU.Build.0 = Release|Any CPU
		{2CEBF7F1-C53F-4E99-AF8F-28E04756AB6D}.Release|x64.ActiveCfg = Release|Any CPU
		{2CEBF7F1-C53F-4E99-AF8F-28E04756AB6D}.Release|x64.Build.0 = Release|Any CPU
		{2CEBF7F1-C53F-4E99-AF8F-28E04756AB6D}.Release|x86.ActiveCfg = Release|Any CPU
		{2CEBF7F1-C53F-4E99-AF8F-28E04756AB6D}.Release|x86.Build.0 = Release|Any CPU
		{9B7BE139-B647-4AF4-AB3B-95B1A753A2D1}.Debug|Any CPU.ActiveCfg = Debug|Any CPU
		{9B7BE139-B647-4AF4-AB3B-95B1A753A2D1}.Debug|Any CPU.Build.0 = Debug|Any CPU
		{9B7BE139-B647-4AF4-AB3B-95B1A753A2D1}.Debug|x64.ActiveCfg = Debug|Any CPU
		{9B7BE139-B647-4AF4-AB3B-95B1A753A2D1}.Debug|x64.Build.0 = Debug|Any CPU
		{9B7BE139-B647-4AF4-AB3B-95B1A753A2D1}.Debug|x86.ActiveCfg = Debug|Any CPU
		{9B7BE139-B647-4AF4-AB3B-95B1A753A2D1}.Debug|x86.Build.0 = Debug|Any CPU
		{9B7BE139-B647-4AF4-AB3B-95B1A753A2D1}.Release|Any CPU.ActiveCfg = Release|Any CPU
		{9B7BE139-B647-4AF4-AB3B-95B1A753A2D1}.Release|Any CPU.Build.0 = Release|Any CPU
		{9B7BE139-B647-4AF4-AB3B-95B1A753A2D1}.Release|x64.ActiveCfg = Release|Any CPU
		{9B7BE139-B647-4AF4-AB3B-95B1A753A2D1}.Release|x64.Build.0 = Release|Any CPU
		{9B7BE139-B647-4AF4-AB3B-95B1A753A2D1}.Release|x86.ActiveCfg = Release|Any CPU
		{9B7BE139-B647-4AF4-AB3B-95B1A753A2D1}.Release|x86.Build.0 = Release|Any CPU
		{9082F842-E106-46C5-A64A-9786AE57F9CE}.Debug|Any CPU.ActiveCfg = Debug|Any CPU
		{9082F842-E106-46C5-A64A-9786AE57F9CE}.Debug|Any CPU.Build.0 = Debug|Any CPU
		{9082F842-E106-46C5-A64A-9786AE57F9CE}.Debug|x64.ActiveCfg = Debug|Any CPU
		{9082F842-E106-46C5-A64A-9786AE57F9CE}.Debug|x64.Build.0 = Debug|Any CPU
		{9082F842-E106-46C5-A64A-9786AE57F9CE}.Debug|x86.ActiveCfg = Debug|Any CPU
		{9082F842-E106-46C5-A64A-9786AE57F9CE}.Debug|x86.Build.0 = Debug|Any CPU
		{9082F842-E106-46C5-A64A-9786AE57F9CE}.Release|Any CPU.ActiveCfg = Release|Any CPU
		{9082F842-E106-46C5-A64A-9786AE57F9CE}.Release|Any CPU.Build.0 = Release|Any CPU
		{9082F842-E106-46C5-A64A-9786AE57F9CE}.Release|x64.ActiveCfg = Release|Any CPU
		{9082F842-E106-46C5-A64A-9786AE57F9CE}.Release|x64.Build.0 = Release|Any CPU
		{9082F842-E106-46C5-A64A-9786AE57F9CE}.Release|x86.ActiveCfg = Release|Any CPU
		{9082F842-E106-46C5-A64A-9786AE57F9CE}.Release|x86.Build.0 = Release|Any CPU
	EndGlobalSection
EndGlobal
